
Microsoft Visual Studio Solution File, Format Version 12.00
# Visual Studio Version 17
VisualStudioVersion = 17.9.34723.18
MinimumVisualStudioVersion = 10.0.40219.1
Project("{FAE04EC0-301F-11D3-BF4B-00C04F79EFBC}") = "Supermarket_mvp", "Supermarket_mvp.csproj", "{167A49EA-FC14-45FF-B6C2-17E91E7F1E10}"
EndProject
Global
	GlobalSection(SolutionConfigurationPlatforms) = preSolution
		Debug|Any CPU = Debug|Any CPU
		Release|Any CPU = Release|Any CPU
	EndGlobalSection
	GlobalSection(ProjectConfigurationPlatforms) = postSolution
		{167A49EA-FC14-45FF-B6C2-17E91E7F1E10}.Debug|Any CPU.ActiveCfg = Debug|Any CPU
		{167A49EA-FC14-45FF-B6C2-17E91E7F1E10}.Debug|Any CPU.Build.0 = Debug|Any CPU
		{167A49EA-FC14-45FF-B6C2-17E91E7F1E10}.Release|Any CPU.ActiveCfg = Release|Any CPU
		{167A49EA-FC14-45FF-B6C2-17E91E7F1E10}.Release|Any CPU.Build.0 = Release|Any CPU
	EndGlobalSection
	GlobalSection(SolutionProperties) = preSolution
		HideSolutionNode = FALSE
	EndGlobalSection
	GlobalSection(ExtensibilityGlobals) = postSolution
		SolutionGuid = {73773F3D-5498-4398-B470-98F4E7331E30}
	EndGlobalSection
EndGlobal
